// !$*UTF8*$!
{
	archiveVersion = 1;
	classes = {
	};
	objectVersion = 56;
	objects = {

/* Begin PBXBuildFile section */
		A536FE362A374FE400B87599 /* AppDelegate.swift in Sources */ = {isa = PBXBuildFile; fileRef = A536FE352A374FE400B87599 /* AppDelegate.swift */; };
		A536FE3A2A374FE400B87599 /* Actions.sks in Resources */ = {isa = PBXBuildFile; fileRef = A536FE392A374FE400B87599 /* Actions.sks */; };
		A536FE3C2A374FE400B87599 /* GameScene.swift in Sources */ = {isa = PBXBuildFile; fileRef = A536FE3B2A374FE400B87599 /* GameScene.swift */; };
		A536FE3E2A374FE400B87599 /* GameViewController.swift in Sources */ = {isa = PBXBuildFile; fileRef = A536FE3D2A374FE400B87599 /* GameViewController.swift */; };
		A536FE412A374FE400B87599 /* Main.storyboard in Resources */ = {isa = PBXBuildFile; fileRef = A536FE3F2A374FE400B87599 /* Main.storyboard */; };
		A536FE432A374FE500B87599 /* Assets.xcassets in Resources */ = {isa = PBXBuildFile; fileRef = A536FE422A374FE500B87599 /* Assets.xcassets */; };
		A536FE462A374FE500B87599 /* LaunchScreen.storyboard in Resources */ = {isa = PBXBuildFile; fileRef = A536FE442A374FE500B87599 /* LaunchScreen.storyboard */; };
		A5B14F552A384029006850B5 /* Starfield.sks in Resources */ = {isa = PBXBuildFile; fileRef = A5B14F542A384029006850B5 /* Starfield.sks */; };
		A5B14F5A2A38A850006850B5 /* EnemyType.swift in Sources */ = {isa = PBXBuildFile; fileRef = A5B14F592A38A850006850B5 /* EnemyType.swift */; };
		A5B14F5C2A38A943006850B5 /* Wave.swift in Sources */ = {isa = PBXBuildFile; fileRef = A5B14F5B2A38A943006850B5 /* Wave.swift */; };
		A5B14F5E2A38AAB3006850B5 /* Bundle-Decoding.swift in Sources */ = {isa = PBXBuildFile; fileRef = A5B14F5D2A38AAB3006850B5 /* Bundle-Decoding.swift */; };
		A5B14F602A38CB16006850B5 /* EnemyNode.swift in Sources */ = {isa = PBXBuildFile; fileRef = A5B14F5F2A38CB16006850B5 /* EnemyNode.swift */; };
		A5B14F9C2A3951CA006850B5 /* GameScene.sks in Resources */ = {isa = PBXBuildFile; fileRef = A5B14F9B2A3951CA006850B5 /* GameScene.sks */; };
		A5B14F9F2A3954D6006850B5 /* waves.json in Resources */ = {isa = PBXBuildFile; fileRef = A5B14F622A39467E006850B5 /* waves.json */; };
		A5B14FA02A3954E0006850B5 /* enemy-types.json in Resources */ = {isa = PBXBuildFile; fileRef = A5B14F562A38A13C006850B5 /* enemy-types.json */; };
/* End PBXBuildFile section */

/* Begin PBXFileReference section */
		A536FE322A374FE400B87599 /* swift_game.app */ = {isa = PBXFileReference; explicitFileType = wrapper.application; includeInIndex = 0; path = swift_game.app; sourceTree = BUILT_PRODUCTS_DIR; };
		A536FE352A374FE400B87599 /* AppDelegate.swift */ = {isa = PBXFileReference; lastKnownFileType = sourcecode.swift; path = AppDelegate.swift; sourceTree = "<group>"; };
		A536FE392A374FE400B87599 /* Actions.sks */ = {isa = PBXFileReference; lastKnownFileType = file.sks; path = Actions.sks; sourceTree = "<group>"; };
		A536FE3B2A374FE400B87599 /* GameScene.swift */ = {isa = PBXFileReference; lastKnownFileType = sourcecode.swift; path = GameScene.swift; sourceTree = "<group>"; };
		A536FE3D2A374FE400B87599 /* GameViewController.swift */ = {isa = PBXFileReference; lastKnownFileType = sourcecode.swift; path = GameViewController.swift; sourceTree = "<group>"; };
		A536FE402A374FE400B87599 /* Base */ = {isa = PBXFileReference; lastKnownFileType = file.storyboard; name = Base; path = Base.lproj/Main.storyboard; sourceTree = "<group>"; };
		A536FE422A374FE500B87599 /* Assets.xcassets */ = {isa = PBXFileReference; lastKnownFileType = folder.assetcatalog; path = Assets.xcassets; sourceTree = "<group>"; };
		A536FE452A374FE500B87599 /* Base */ = {isa = PBXFileReference; lastKnownFileType = file.storyboard; name = Base; path = Base.lproj/LaunchScreen.storyboard; sourceTree = "<group>"; };
		A5B14F542A384029006850B5 /* Starfield.sks */ = {isa = PBXFileReference; lastKnownFileType = file.sks; path = Starfield.sks; sourceTree = "<group>"; };
		A5B14F562A38A13C006850B5 /* enemy-types.json */ = {isa = PBXFileReference; lastKnownFileType = text.json; path = "enemy-types.json"; sourceTree = "<group>"; };
		A5B14F592A38A850006850B5 /* EnemyType.swift */ = {isa = PBXFileReference; lastKnownFileType = sourcecode.swift; path = EnemyType.swift; sourceTree = "<group>"; };
		A5B14F5B2A38A943006850B5 /* Wave.swift */ = {isa = PBXFileReference; lastKnownFileType = sourcecode.swift; path = Wave.swift; sourceTree = "<group>"; };
		A5B14F5D2A38AAB3006850B5 /* Bundle-Decoding.swift */ = {isa = PBXFileReference; lastKnownFileType = sourcecode.swift; path = "Bundle-Decoding.swift"; sourceTree = "<group>"; };
		A5B14F5F2A38CB16006850B5 /* EnemyNode.swift */ = {isa = PBXFileReference; lastKnownFileType = sourcecode.swift; path = EnemyNode.swift; sourceTree = "<group>"; };
		A5B14F622A39467E006850B5 /* waves.json */ = {isa = PBXFileReference; lastKnownFileType = text.json; path = waves.json; sourceTree = "<group>"; };
		A5B14F9B2A3951CA006850B5 /* GameScene.sks */ = {isa = PBXFileReference; lastKnownFileType = file.sks; path = GameScene.sks; sourceTree = "<group>"; };
/* End PBXFileReference section */

/* Begin PBXFrameworksBuildPhase section */
		A536FE2F2A374FE400B87599 /* Frameworks */ = {
			isa = PBXFrameworksBuildPhase;
			buildActionMask = 2147483647;
			files = (
			);
			runOnlyForDeploymentPostprocessing = 0;
		};
/* End PBXFrameworksBuildPhase section */

/* Begin PBXGroup section */
		A536FE292A374FE400B87599 = {
			isa = PBXGroup;
			children = (
				A536FE342A374FE400B87599 /* swift_game */,
				A536FE332A374FE400B87599 /* Products */,
			);
			sourceTree = "<group>";
		};
		A536FE332A374FE400B87599 /* Products */ = {
			isa = PBXGroup;
			children = (
				A536FE322A374FE400B87599 /* swift_game.app */,
			);
			name = Products;
			sourceTree = "<group>";
		};
		A536FE342A374FE400B87599 /* swift_game */ = {
			isa = PBXGroup;
			children = (
				A536FE352A374FE400B87599 /* AppDelegate.swift */,
				A5B14F9B2A3951CA006850B5 /* GameScene.sks */,
				A536FE392A374FE400B87599 /* Actions.sks */,
				A536FE3B2A374FE400B87599 /* GameScene.swift */,
				A536FE3D2A374FE400B87599 /* GameViewController.swift */,
				A536FE3F2A374FE400B87599 /* Main.storyboard */,
				A536FE422A374FE500B87599 /* Assets.xcassets */,
				A5B14F542A384029006850B5 /* Starfield.sks */,
				A536FE442A374FE500B87599 /* LaunchScreen.storyboard */,
				A5B14F592A38A850006850B5 /* EnemyType.swift */,
				A5B14F5B2A38A943006850B5 /* Wave.swift */,
				A5B14F5D2A38AAB3006850B5 /* Bundle-Decoding.swift */,
				A5B14F622A39467E006850B5 /* waves.json */,
				A5B14F562A38A13C006850B5 /* enemy-types.json */,
				A5B14F5F2A38CB16006850B5 /* EnemyNode.swift */,
			);
			path = swift_game;
			sourceTree = "<group>";
		};
/* End PBXGroup section */

/* Begin PBXNativeTarget section */
		A536FE312A374FE400B87599 /* swift_game */ = {
			isa = PBXNativeTarget;
			buildConfigurationList = A536FE492A374FE500B87599 /* Build configuration list for PBXNativeTarget "swift_game" */;
			buildPhases = (
				A536FE2E2A374FE400B87599 /* Sources */,
				A536FE2F2A374FE400B87599 /* Frameworks */,
				A536FE302A374FE400B87599 /* Resources */,
			);
			buildRules = (
			);
			dependencies = (
			);
			name = swift_game;
			productName = swift_game;
			productReference = A536FE322A374FE400B87599 /* swift_game.app */;
			productType = "com.apple.product-type.application";
		};
/* End PBXNativeTarget section */

/* Begin PBXProject section */
		A536FE2A2A374FE400B87599 /* Project object */ = {
			isa = PBXProject;
			attributes = {
				BuildIndependentTargetsInParallel = 1;
				LastSwiftUpdateCheck = 1430;
				LastUpgradeCheck = 1430;
				TargetAttributes = {
					A536FE312A374FE400B87599 = {
						CreatedOnToolsVersion = 14.3.1;
					};
				};
			};
			buildConfigurationList = A536FE2D2A374FE400B87599 /* Build configuration list for PBXProject "swift_game" */;
			compatibilityVersion = "Xcode 14.0";
			developmentRegion = en;
			hasScannedForEncodings = 0;
			knownRegions = (
				en,
				Base,
			);
			mainGroup = A536FE292A374FE400B87599;
			productRefGroup = A536FE332A374FE400B87599 /* Products */;
			projectDirPath = "";
			projectRoot = "";
			targets = (
				A536FE312A374FE400B87599 /* swift_game */,
			);
		};
/* End PBXProject section */

/* Begin PBXResourcesBuildPhase section */
		A536FE302A374FE400B87599 /* Resources */ = {
			isa = PBXResourcesBuildPhase;
			buildActionMask = 2147483647;
			files = (
				A5B14FA02A3954E0006850B5 /* enemy-types.json in Resources */,
				A5B14F9F2A3954D6006850B5 /* waves.json in Resources */,
				A5B14F552A384029006850B5 /* Starfield.sks in Resources */,
				A536FE412A374FE400B87599 /* Main.storyboard in Resources */,
				A536FE432A374FE500B87599 /* Assets.xcassets in Resources */,
				A536FE462A374FE500B87599 /* LaunchScreen.storyboard in Resources */,
				A5B14F9C2A3951CA006850B5 /* GameScene.sks in Resources */,
				A536FE3A2A374FE400B87599 /* Actions.sks in Resources */,
			);
			runOnlyForDeploymentPostprocessing = 0;
		};
/* End PBXResourcesBuildPhase section */

/* Begin PBXSourcesBuildPhase section */
		A536FE2E2A374FE400B87599 /* Sources */ = {
			isa = PBXSourcesBuildPhase;
			buildActionMask = 2147483647;
			files = (
				A5B14F5E2A38AAB3006850B5 /* Bundle-Decoding.swift in Sources */,
				A5B14F602A38CB16006850B5 /* EnemyNode.swift in Sources */,
				A536FE3C2A374FE400B87599 /* GameScene.swift in Sources */,
				A5B14F5C2A38A943006850B5 /* Wave.swift in Sources */,
				A536FE3E2A374FE400B87599 /* GameViewController.swift in Sources */,
				A5B14F5A2A38A850006850B5 /* EnemyType.swift in Sources */,
				A536FE362A374FE400B87599 /* AppDelegate.swift in Sources */,
			);
			runOnlyForDeploymentPostprocessing = 0;
		};
/* End PBXSourcesBuildPhase section */

/* Begin PBXVariantGroup section */
		A536FE3F2A374FE400B87599 /* Main.storyboard */ = {
			isa = PBXVariantGroup;
			children = (
				A536FE402A374FE400B87599 /* Base */,
			);
			name = Main.storyboard;
			sourceTree = "<group>";
		};
		A536FE442A374FE500B87599 /* LaunchScreen.storyboard */ = {
			isa = PBXVariantGroup;
			children = (
				A536FE452A374FE500B87599 /* Base */,
			);
			name = LaunchScreen.storyboard;
			sourceTree = "<group>";
		};
/* End PBXVariantGroup section */

/* Begin XCBuildConfiguration section */
		A536FE472A374FE500B87599 /* Debug */ = {
			isa = XCBuildConfiguration;
			buildSettings = {
				ALWAYS_SEARCH_USER_PATHS = NO;
				CLANG_ANALYZER_NONNULL = YES;
				CLANG_ANALYZER_NUMBER_OBJECT_CONVERSION = YES_AGGRESSIVE;
				CLANG_CXX_LANGUAGE_STANDARD = "gnu++20";
				CLANG_ENABLE_MODULES = YES;
				CLANG_ENABLE_OBJC_ARC = YES;
				CLANG_ENABLE_OBJC_WEAK = YES;
				CLANG_WARN_BLOCK_CAPTURE_AUTORELEASING = YES;
				CLANG_WARN_BOOL_CONVERSION = YES;
				CLANG_WARN_COMMA = YES;
				CLANG_WARN_CONSTANT_CONVERSION = YES;
				CLANG_WARN_DEPRECATED_OBJC_IMPLEMENTATIONS = YES;
				CLANG_WARN_DIRECT_OBJC_ISA_USAGE = YES_ERROR;
				CLANG_WARN_DOCUMENTATION_COMMENTS = YES;
				CLANG_WARN_EMPTY_BODY = YES;
				CLANG_WARN_ENUM_CONVERSION = YES;
				CLANG_WARN_INFINITE_RECURSION = YES;
				CLANG_WARN_INT_CONVERSION = YES;
				CLANG_WARN_NON_LITERAL_NULL_CONVERSION = YES;
				CLANG_WARN_OBJC_IMPLICIT_RETAIN_SELF = YES;
				CLANG_WARN_OBJC_LITERAL_CONVERSION = YES;
				CLANG_WARN_OBJC_ROOT_CLASS = YES_ERROR;
				CLANG_WARN_QUOTED_INCLUDE_IN_FRAMEWORK_HEADER = YES;
				CLANG_WARN_RANGE_LOOP_ANALYSIS = YES;
				CLANG_WARN_STRICT_PROTOTYPES = YES;
				CLANG_WARN_SUSPICIOUS_MOVE = YES;
				CLANG_WARN_UNGUARDED_AVAILABILITY = YES_AGGRESSIVE;
				CLANG_WARN_UNREACHABLE_CODE = YES;
				CLANG_WARN__DUPLICATE_METHOD_MATCH = YES;
				COPY_PHASE_STRIP = NO;
				DEBUG_INFORMATION_FORMAT = dwarf;
				ENABLE_STRICT_OBJC_MSGSEND = YES;
				ENABLE_TESTABILITY = YES;
				GCC_C_LANGUAGE_STANDARD = gnu11;
				GCC_DYNAMIC_NO_PIC = NO;
				GCC_NO_COMMON_BLOCKS = YES;
				GCC_OPTIMIZATION_LEVEL = 0;
				GCC_PREPROCESSOR_DEFINITIONS = (
					"DEBUG=1",
					"$(inherited)",
				);
				GCC_WARN_64_TO_32_BIT_CONVERSION = YES;
				GCC_WARN_ABOUT_RETURN_TYPE = YES_ERROR;
				GCC_WARN_UNDECLARED_SELECTOR = YES;
				GCC_WARN_UNINITIALIZED_AUTOS = YES_AGGRESSIVE;
				GCC_WARN_UNUSED_FUNCTION = YES;
				GCC_WARN_UNUSED_VARIABLE = YES;
				IPHONEOS_DEPLOYMENT_TARGET = 16.4;
				MTL_ENABLE_DEBUG_INFO = INCLUDE_SOURCE;
				MTL_FAST_MATH = YES;
				ONLY_ACTIVE_ARCH = YES;
				SDKROOT = iphoneos;
				SWIFT_ACTIVE_COMPILATION_CONDITIONS = DEBUG;
				SWIFT_OPTIMIZATION_LEVEL = "-Onone";
			};
			name = Debug;
		};
		A536FE482A374FE500B87599 /* Release */ = {
			isa = XCBuildConfiguration;
			buildSettings = {
				ALWAYS_SEARCH_USER_PATHS = NO;
				CLANG_ANALYZER_NONNULL = YES;
				CLANG_ANALYZER_NUMBER_OBJECT_CONVERSION = YES_AGGRESSIVE;
				CLANG_CXX_LANGUAGE_STANDARD = "gnu++20";
				CLANG_ENABLE_MODULES = YES;
				CLANG_ENABLE_OBJC_ARC = YES;
				CLANG_ENABLE_OBJC_WEAK = YES;
				CLANG_WARN_BLOCK_CAPTURE_AUTORELEASING = YES;
				CLANG_WARN_BOOL_CONVERSION = YES;
				CLANG_WARN_COMMA = YES;
				CLANG_WARN_CONSTANT_CONVERSION = YES;
				CLANG_WARN_DEPRECATED_OBJC_IMPLEMENTATIONS = YES;
				CLANG_WARN_DIRECT_OBJC_ISA_USAGE = YES_ERROR;
				CLANG_WARN_DOCUMENTATION_COMMENTS = YES;
				CLANG_WARN_EMPTY_BODY = YES;
				CLANG_WARN_ENUM_CONVERSION = YES;
				CLANG_WARN_INFINITE_RECURSION = YES;
				CLANG_WARN_INT_CONVERSION = YES;
				CLANG_WARN_NON_LITERAL_NULL_CONVERSION = YES;
				CLANG_WARN_OBJC_IMPLICIT_RETAIN_SELF = YES;
				CLANG_WARN_OBJC_LITERAL_CONVERSION = YES;
				CLANG_WARN_OBJC_ROOT_CLASS = YES_ERROR;
				CLANG_WARN_QUOTED_INCLUDE_IN_FRAMEWORK_HEADER = YES;
				CLANG_WARN_RANGE_LOOP_ANALYSIS = YES;
				CLANG_WARN_STRICT_PROTOTYPES = YES;
				CLANG_WARN_SUSPICIOUS_MOVE = YES;
				CLANG_WARN_UNGUARDED_AVAILABILITY = YES_AGGRESSIVE;
				CLANG_WARN_UNREACHABLE_CODE = YES;
				CLANG_WARN__DUPLICATE_METHOD_MATCH = YES;
				COPY_PHASE_STRIP = NO;
				DEBUG_INFORMATION_FORMAT = "dwarf-with-dsym";
				ENABLE_NS_ASSERTIONS = NO;
				ENABLE_STRICT_OBJC_MSGSEND = YES;
				GCC_C_LANGUAGE_STANDARD = gnu11;
				GCC_NO_COMMON_BLOCKS = YES;
				GCC_WARN_64_TO_32_BIT_CONVERSION = YES;
				GCC_WARN_ABOUT_RETURN_TYPE = YES_ERROR;
				GCC_WARN_UNDECLARED_SELECTOR = YES;
				GCC_WARN_UNINITIALIZED_AUTOS = YES_AGGRESSIVE;
				GCC_WARN_UNUSED_FUNCTION = YES;
				GCC_WARN_UNUSED_VARIABLE = YES;
				IPHONEOS_DEPLOYMENT_TARGET = 16.4;
				MTL_ENABLE_DEBUG_INFO = NO;
				MTL_FAST_MATH = YES;
				SDKROOT = iphoneos;
				SWIFT_COMPILATION_MODE = wholemodule;
				SWIFT_OPTIMIZATION_LEVEL = "-O";
				VALIDATE_PRODUCT = YES;
			};
			name = Release;
		};
		A536FE4A2A374FE500B87599 /* Debug */ = {
			isa = XCBuildConfiguration;
			buildSettings = {
				ASSETCATALOG_COMPILER_APPICON_NAME = AppIcon;
				ASSETCATALOG_COMPILER_GLOBAL_ACCENT_COLOR_NAME = AccentColor;
				CODE_SIGN_STYLE = Automatic;
				CURRENT_PROJECT_VERSION = 1;
				GENERATE_INFOPLIST_FILE = YES;
				INFOPLIST_KEY_UIApplicationSupportsIndirectInputEvents = YES;
				INFOPLIST_KEY_UILaunchStoryboardName = LaunchScreen;
				INFOPLIST_KEY_UIMainStoryboardFile = Main;
				INFOPLIST_KEY_UIStatusBarHidden = YES;
				INFOPLIST_KEY_UIStatusBarStyle = "";
				INFOPLIST_KEY_UISupportedInterfaceOrientations = UIInterfaceOrientationLandscapeRight;
				INFOPLIST_KEY_UISupportedInterfaceOrientations_iPad = "UIInterfaceOrientationLandscapeLeft UIInterfaceOrientationLandscapeRight UIInterfaceOrientationPortrait UIInterfaceOrientationPortraitUpsideDown";
				LD_RUNPATH_SEARCH_PATHS = (
					"$(inherited)",
					"@executable_path/Frameworks",
				);
				MARKETING_VERSION = 1.0;
				PRODUCT_BUNDLE_IDENTIFIER = "com.kotaro.swift-game";
				PRODUCT_NAME = "$(TARGET_NAME)";
				SWIFT_EMIT_LOC_STRINGS = YES;
				SWIFT_VERSION = 5.0;
				TARGETED_DEVICE_FAMILY = "1,2";
			};
			name = Debug;
		};
		A536FE4B2A374FE500B87599 /* Release */ = {
			isa = XCBuildConfiguration;
			buildSettings = {
				ASSETCATALOG_COMPILER_APPICON_NAME = AppIcon;
				ASSETCATALOG_COMPILER_GLOBAL_ACCENT_COLOR_NAME = AccentColor;
				CODE_SIGN_STYLE = Automatic;
				CURRENT_PROJECT_VERSION = 1;
				GENERATE_INFOPLIST_FILE = YES;
				INFOPLIST_KEY_UIApplicationSupportsIndirectInputEvents = YES;
				INFOPLIST_KEY_UILaunchStoryboardName = LaunchScreen;
				INFOPLIST_KEY_UIMainStoryboardFile = Main;
				INFOPLIST_KEY_UIStatusBarHidden = YES;
				INFOPLIST_KEY_UIStatusBarStyle = "";
				INFOPLIST_KEY_UISupportedInterfaceOrientations = UIInterfaceOrientationLandscapeRight;
				INFOPLIST_KEY_UISupportedInterfaceOrientations_iPad = "UIInterfaceOrientationLandscapeLeft UIInterfaceOrientationLandscapeRight UIInterfaceOrientationPortrait UIInterfaceOrientationPortraitUpsideDown";
				LD_RUNPATH_SEARCH_PATHS = (
					"$(inherited)",
					"@executable_path/Frameworks",
				);
				MARKETING_VERSION = 1.0;
				PRODUCT_BUNDLE_IDENTIFIER = "com.kotaro.swift-game";
				PRODUCT_NAME = "$(TARGET_NAME)";
				SWIFT_EMIT_LOC_STRINGS = YES;
				SWIFT_VERSION = 5.0;
				TARGETED_DEVICE_FAMILY = "1,2";
			};
			name = Release;
		};
/* End XCBuildConfiguration section */

/* Begin XCConfigurationList section */
		A536FE2D2A374FE400B87599 /* Build configuration list for PBXProject "swift_game" */ = {
			isa = XCConfigurationList;
			buildConfigurations = (
				A536FE472A374FE500B87599 /* Debug */,
				A536FE482A374FE500B87599 /* Release */,
			);
			defaultConfigurationIsVisible = 0;
			defaultConfigurationName = Release;
		};
		A536FE492A374FE500B87599 /* Build configuration list for PBXNativeTarget "swift_game" */ = {
			isa = XCConfigurationList;
			buildConfigurations = (
				A536FE4A2A374FE500B87599 /* Debug */,
				A536FE4B2A374FE500B87599 /* Release */,
			);
			defaultConfigurationIsVisible = 0;
			defaultConfigurationName = Release;
		};
/* End XCConfigurationList section */
	};
	rootObject = A536FE2A2A374FE400B87599 /* Project object */;
}
